
Microsoft Visual Studio Solution File, Format Version 12.00
# Visual Studio 15
VisualStudioVersion = 15.0.28010.2016
MinimumVisualStudioVersion = 10.0.40219.1
Project("{8BC9CEB8-8B4A-11D0-8D11-00A0C91BC942}") = "Practice0", "Practice0\Practice0.vcxproj", "{70E31D48-0E50-4949-A9EC-773FB4C3F2E3}"
EndProject
Project("{8BC9CEB8-8B4A-11D0-8D11-00A0C91BC942}") = "Practice1", "Practice1\Practice1.vcxproj", "{AAF61CAC-EFC9-4D72-A55C-FD22F06E7B2E}"
EndProject
Project("{8BC9CEB8-8B4A-11D0-8D11-00A0C91BC942}") = "Practice2", "Practice2\Practice2.vcxproj", "{109EC312-322D-49BF-965D-65840D5D43C6}"
EndProject
Global
	GlobalSection(SolutionConfigurationPlatforms) = preSolution
		Debug|Win32 = Debug|Win32
		Debug|x64 = Debug|x64
		Release|Win32 = Release|Win32
		Release|x64 = Release|x64
	EndGlobalSection
	GlobalSection(ProjectConfigurationPlatforms) = postSolution
		{70E31D48-0E50-4949-A9EC-773FB4C3F2E3}.Debug|Win32.ActiveCfg = Debug|Win32
		{70E31D48-0E50-4949-A9EC-773FB4C3F2E3}.Debug|Win32.Build.0 = Debug|Win32
		{70E31D48-0E50-4949-A9EC-773FB4C3F2E3}.Debug|x64.ActiveCfg = Debug|Win32
		{70E31D48-0E50-4949-A9EC-773FB4C3F2E3}.Release|Win32.ActiveCfg = Release|Win32
		{70E31D48-0E50-4949-A9EC-773FB4C3F2E3}.Release|Win32.Build.0 = Release|Win32
		{70E31D48-0E50-4949-A9EC-773FB4C3F2E3}.Release|x64.ActiveCfg = Release|Win32
		{AAF61CAC-EFC9-4D72-A55C-FD22F06E7B2E}.Debug|Win32.ActiveCfg = Debug|Win32
		{AAF61CAC-EFC9-4D72-A55C-FD22F06E7B2E}.Debug|Win32.Build.0 = Debug|Win32
		{AAF61CAC-EFC9-4D72-A55C-FD22F06E7B2E}.Debug|x64.ActiveCfg = Debug|Win32
		{AAF61CAC-EFC9-4D72-A55C-FD22F06E7B2E}.Release|Win32.ActiveCfg = Release|Win32
		{AAF61CAC-EFC9-4D72-A55C-FD22F06E7B2E}.Release|Win32.Build.0 = Release|Win32
		{AAF61CAC-EFC9-4D72-A55C-FD22F06E7B2E}.Release|x64.ActiveCfg = Release|Win32
		{109EC312-322D-49BF-965D-65840D5D43C6}.Debug|Win32.ActiveCfg = Debug|Win32
		{109EC312-322D-49BF-965D-65840D5D43C6}.Debug|Win32.Build.0 = Debug|Win32
		{109EC312-322D-49BF-965D-65840D5D43C6}.Debug|x64.ActiveCfg = Debug|Win32
		{109EC312-322D-49BF-965D-65840D5D43C6}.Release|Win32.ActiveCfg = Release|Win32
		{109EC312-322D-49BF-965D-65840D5D43C6}.Release|Win32.Build.0 = Release|Win32

	EndGlobalSection
	GlobalSection(SolutionProperties) = preSolution
		HideSolutionNode = FALSE
	EndGlobalSection
	GlobalSection(ExtensibilityGlobals) = postSolution
		SolutionGuid = {8C4BFFA1-2A0F-44B5-BAA3-2497A1A3D7B2}
	EndGlobalSection
EndGlobal
