
Microsoft Visual Studio Solution File, Format Version 12.00
# Visual Studio 15
VisualStudioVersion = 15.0.28010.2016
MinimumVisualStudioVersion = 10.0.40219.1
Project("{8BC9CEB8-8B4A-11D0-8D11-00A0C91BC942}") = "Practice0", "Practice0\Practice0.vcxproj", "{70E31D48-0E50-4949-A9EC-773FB4C3F2E3}"
EndProject
Project("{8BC9CEB8-8B4A-11D0-8D11-00A0C91BC942}") = "Practice1", "Practice1\Practice1.vcxproj", "{AAF61CAC-EFC9-4D72-A55C-FD22F06E7B2E}"
EndProject
Project("{8BC9CEB8-8B4A-11D0-8D11-00A0C91BC942}") = "Practice2", "Practice2\Practice2.vcxproj", "{109EC312-322D-49BF-965D-65840D5D43C6}"
EndProject
Project("{8BC9CEB8-8B4A-11D0-8D11-00A0C91BC942}") = "Practice3", "Practice3\Practice3.vcxproj", "{FD5356C5-2DE7-4229-8111-B677F3772983}"
EndProject
Project("{8BC9CEB8-8B4A-11D0-8D11-00A0C91BC942}") = "Practice4", "Practice4\Practice4.vcxproj", "{CBD117A9-2D95-4206-B98B-DA16A37CAB33}"
EndProject
Project("{8BC9CEB8-8B4A-11D0-8D11-00A0C91BC942}") = "Practice5", "Practice5\Practice5.vcxproj", "{071724E2-F7A0-4108-B1F9-BD68C717BC7F}"
EndProject
Project("{8BC9CEB8-8B4A-11D0-8D11-00A0C91BC942}") = "Practice6", "Practice6\Practice6.vcxproj", "{BAEC50E3-FA1A-4C99-9651-3C70DD8D7B19}"
EndProject
Project("{8BC9CEB8-8B4A-11D0-8D11-00A0C91BC942}") = "Practice7", "Practice7\Practice7.vcxproj", "{80B8C198-B48E-491A-AF03-EE264324BED2}"
EndProject
Project("{8BC9CEB8-8B4A-11D0-8D11-00A0C91BC942}") = "Practice8", "Practice8\Practice8.vcxproj", "{BADDAB96-A649-4AB9-8A4E-2E4E8D7C190B}"
EndProject
Project("{8BC9CEB8-8B4A-11D0-8D11-00A0C91BC942}") = "Practice9", "Practice9\Practice9.vcxproj", "{54B7D2E7-5771-4F69-81D9-7400EBF0176D}"
EndProject
Project("{8BC9CEB8-8B4A-11D0-8D11-00A0C91BC942}") = "Practice10", "Project1\Project1.vcxproj", "{EC502278-9C20-41A1-9233-C5FC0ED8E1A6}"
EndProject
Global
	GlobalSection(SolutionConfigurationPlatforms) = preSolution
		Debug|Win32 = Debug|Win32
		Debug|x64 = Debug|x64
		Release|Win32 = Release|Win32
		Release|x64 = Release|x64
	EndGlobalSection
	GlobalSection(ProjectConfigurationPlatforms) = postSolution
		{70E31D48-0E50-4949-A9EC-773FB4C3F2E3}.Debug|Win32.ActiveCfg = Debug|Win32
		{70E31D48-0E50-4949-A9EC-773FB4C3F2E3}.Debug|Win32.Build.0 = Debug|Win32
		{70E31D48-0E50-4949-A9EC-773FB4C3F2E3}.Debug|x64.ActiveCfg = Debug|Win32
		{70E31D48-0E50-4949-A9EC-773FB4C3F2E3}.Release|Win32.ActiveCfg = Release|Win32
		{70E31D48-0E50-4949-A9EC-773FB4C3F2E3}.Release|Win32.Build.0 = Release|Win32
		{70E31D48-0E50-4949-A9EC-773FB4C3F2E3}.Release|x64.ActiveCfg = Release|Win32
		{AAF61CAC-EFC9-4D72-A55C-FD22F06E7B2E}.Debug|Win32.ActiveCfg = Debug|Win32
		{AAF61CAC-EFC9-4D72-A55C-FD22F06E7B2E}.Debug|Win32.Build.0 = Debug|Win32
		{AAF61CAC-EFC9-4D72-A55C-FD22F06E7B2E}.Debug|x64.ActiveCfg = Debug|Win32
		{AAF61CAC-EFC9-4D72-A55C-FD22F06E7B2E}.Release|Win32.ActiveCfg = Release|Win32
		{AAF61CAC-EFC9-4D72-A55C-FD22F06E7B2E}.Release|Win32.Build.0 = Release|Win32
		{AAF61CAC-EFC9-4D72-A55C-FD22F06E7B2E}.Release|x64.ActiveCfg = Release|Win32
		{109EC312-322D-49BF-965D-65840D5D43C6}.Debug|Win32.ActiveCfg = Debug|Win32
		{109EC312-322D-49BF-965D-65840D5D43C6}.Debug|Win32.Build.0 = Debug|Win32
		{109EC312-322D-49BF-965D-65840D5D43C6}.Debug|x64.ActiveCfg = Debug|Win32
		{109EC312-322D-49BF-965D-65840D5D43C6}.Release|Win32.ActiveCfg = Release|Win32
		{109EC312-322D-49BF-965D-65840D5D43C6}.Release|Win32.Build.0 = Release|Win32
		{109EC312-322D-49BF-965D-65840D5D43C6}.Release|x64.ActiveCfg = Release|Win32
		{FD5356C5-2DE7-4229-8111-B677F3772983}.Debug|Win32.ActiveCfg = Debug|Win32
		{FD5356C5-2DE7-4229-8111-B677F3772983}.Debug|Win32.Build.0 = Debug|Win32
		{FD5356C5-2DE7-4229-8111-B677F3772983}.Debug|x64.ActiveCfg = Debug|Win32
		{FD5356C5-2DE7-4229-8111-B677F3772983}.Release|Win32.ActiveCfg = Release|Win32
		{FD5356C5-2DE7-4229-8111-B677F3772983}.Release|Win32.Build.0 = Release|Win32
		{FD5356C5-2DE7-4229-8111-B677F3772983}.Release|x64.ActiveCfg = Release|Win32
		{CBD117A9-2D95-4206-B98B-DA16A37CAB33}.Debug|Win32.ActiveCfg = Debug|Win32
		{CBD117A9-2D95-4206-B98B-DA16A37CAB33}.Debug|Win32.Build.0 = Debug|Win32
		{CBD117A9-2D95-4206-B98B-DA16A37CAB33}.Debug|x64.ActiveCfg = Debug|Win32
		{CBD117A9-2D95-4206-B98B-DA16A37CAB33}.Release|Win32.ActiveCfg = Release|Win32
		{CBD117A9-2D95-4206-B98B-DA16A37CAB33}.Release|Win32.Build.0 = Release|Win32
		{CBD117A9-2D95-4206-B98B-DA16A37CAB33}.Release|x64.ActiveCfg = Release|Win32
		{071724E2-F7A0-4108-B1F9-BD68C717BC7F}.Debug|Win32.ActiveCfg = Debug|Win32
		{071724E2-F7A0-4108-B1F9-BD68C717BC7F}.Debug|Win32.Build.0 = Debug|Win32
		{071724E2-F7A0-4108-B1F9-BD68C717BC7F}.Debug|x64.ActiveCfg = Debug|Win32
		{071724E2-F7A0-4108-B1F9-BD68C717BC7F}.Release|Win32.ActiveCfg = Release|Win32
		{071724E2-F7A0-4108-B1F9-BD68C717BC7F}.Release|Win32.Build.0 = Release|Win32
		{071724E2-F7A0-4108-B1F9-BD68C717BC7F}.Release|x64.ActiveCfg = Release|Win32
		{BAEC50E3-FA1A-4C99-9651-3C70DD8D7B19}.Debug|Win32.ActiveCfg = Debug|Win32
		{BAEC50E3-FA1A-4C99-9651-3C70DD8D7B19}.Debug|Win32.Build.0 = Debug|Win32
		{BAEC50E3-FA1A-4C99-9651-3C70DD8D7B19}.Debug|x64.ActiveCfg = Debug|x64
		{BAEC50E3-FA1A-4C99-9651-3C70DD8D7B19}.Debug|x64.Build.0 = Debug|x64
		{BAEC50E3-FA1A-4C99-9651-3C70DD8D7B19}.Release|Win32.ActiveCfg = Release|Win32
		{BAEC50E3-FA1A-4C99-9651-3C70DD8D7B19}.Release|Win32.Build.0 = Release|Win32
		{BAEC50E3-FA1A-4C99-9651-3C70DD8D7B19}.Release|x64.ActiveCfg = Release|x64
		{BAEC50E3-FA1A-4C99-9651-3C70DD8D7B19}.Release|x64.Build.0 = Release|x64
		{80B8C198-B48E-491A-AF03-EE264324BED2}.Debug|Win32.ActiveCfg = Debug|Win32
		{80B8C198-B48E-491A-AF03-EE264324BED2}.Debug|Win32.Build.0 = Debug|Win32
		{80B8C198-B48E-491A-AF03-EE264324BED2}.Debug|x64.ActiveCfg = Debug|x64
		{80B8C198-B48E-491A-AF03-EE264324BED2}.Debug|x64.Build.0 = Debug|x64
		{80B8C198-B48E-491A-AF03-EE264324BED2}.Release|Win32.ActiveCfg = Release|Win32
		{80B8C198-B48E-491A-AF03-EE264324BED2}.Release|Win32.Build.0 = Release|Win32
		{80B8C198-B48E-491A-AF03-EE264324BED2}.Release|x64.ActiveCfg = Release|x64
		{80B8C198-B48E-491A-AF03-EE264324BED2}.Release|x64.Build.0 = Release|x64
		{BADDAB96-A649-4AB9-8A4E-2E4E8D7C190B}.Debug|Win32.ActiveCfg = Debug|Win32
		{BADDAB96-A649-4AB9-8A4E-2E4E8D7C190B}.Debug|Win32.Build.0 = Debug|Win32
		{BADDAB96-A649-4AB9-8A4E-2E4E8D7C190B}.Debug|x64.ActiveCfg = Debug|x64
		{BADDAB96-A649-4AB9-8A4E-2E4E8D7C190B}.Debug|x64.Build.0 = Debug|x64
		{BADDAB96-A649-4AB9-8A4E-2E4E8D7C190B}.Release|Win32.ActiveCfg = Release|Win32
		{BADDAB96-A649-4AB9-8A4E-2E4E8D7C190B}.Release|Win32.Build.0 = Release|Win32
		{BADDAB96-A649-4AB9-8A4E-2E4E8D7C190B}.Release|x64.ActiveCfg = Release|x64
		{BADDAB96-A649-4AB9-8A4E-2E4E8D7C190B}.Release|x64.Build.0 = Release|x64
		{54B7D2E7-5771-4F69-81D9-7400EBF0176D}.Debug|Win32.ActiveCfg = Debug|Win32
		{54B7D2E7-5771-4F69-81D9-7400EBF0176D}.Debug|Win32.Build.0 = Debug|Win32
		{54B7D2E7-5771-4F69-81D9-7400EBF0176D}.Debug|x64.ActiveCfg = Debug|x64
		{54B7D2E7-5771-4F69-81D9-7400EBF0176D}.Debug|x64.Build.0 = Debug|x64
		{54B7D2E7-5771-4F69-81D9-7400EBF0176D}.Release|Win32.ActiveCfg = Release|Win32
		{54B7D2E7-5771-4F69-81D9-7400EBF0176D}.Release|Win32.Build.0 = Release|Win32
		{54B7D2E7-5771-4F69-81D9-7400EBF0176D}.Release|x64.ActiveCfg = Release|x64
		{54B7D2E7-5771-4F69-81D9-7400EBF0176D}.Release|x64.Build.0 = Release|x64
		{EC502278-9C20-41A1-9233-C5FC0ED8E1A6}.Debug|Win32.ActiveCfg = Debug|Win32
		{EC502278-9C20-41A1-9233-C5FC0ED8E1A6}.Debug|Win32.Build.0 = Debug|Win32
		{EC502278-9C20-41A1-9233-C5FC0ED8E1A6}.Debug|x64.ActiveCfg = Debug|x64
		{EC502278-9C20-41A1-9233-C5FC0ED8E1A6}.Debug|x64.Build.0 = Debug|x64
		{EC502278-9C20-41A1-9233-C5FC0ED8E1A6}.Release|Win32.ActiveCfg = Release|Win32
		{EC502278-9C20-41A1-9233-C5FC0ED8E1A6}.Release|Win32.Build.0 = Release|Win32
		{EC502278-9C20-41A1-9233-C5FC0ED8E1A6}.Release|x64.ActiveCfg = Release|x64
		{EC502278-9C20-41A1-9233-C5FC0ED8E1A6}.Release|x64.Build.0 = Release|x64
	EndGlobalSection
	GlobalSection(SolutionProperties) = preSolution
		HideSolutionNode = FALSE
	EndGlobalSection
	GlobalSection(ExtensibilityGlobals) = postSolution
		SolutionGuid = {8C4BFFA1-2A0F-44B5-BAA3-2497A1A3D7B2}
	EndGlobalSection
EndGlobal
